
Microsoft Visual Studio Solution File, Format Version 10.00
# Visual Studio 2008
Project("{FAE04EC0-301F-11D3-BF4B-00C04F79EFBC}") = "Optimization.Methods", "Optimization.Methods\Optimization.Methods.csproj", "{F92671CD-B207-4266-86CB-22B222642663}"
EndProject
Project("{FAE04EC0-301F-11D3-BF4B-00C04F79EFBC}") = "Optimization.VisualApplication", "Optimization.VisualApplication\Optimization.VisualApplication.csproj", "{8B32F5AE-E0EF-4115-802F-4D6C5A4E901F}"
	ProjectSection(ProjectDependencies) = postProject
		{F92671CD-B207-4266-86CB-22B222642663} = {F92671CD-B207-4266-86CB-22B222642663}
	EndProjectSection
EndProject
Project("{FAE04EC0-301F-11D3-BF4B-00C04F79EFBC}") = "Optimization.Tests", "Optimization.Tests\Optimization.Tests.csproj", "{131681F0-F52E-4836-9054-0BBAD090417F}"
	ProjectSection(ProjectDependencies) = postProject
		{F92671CD-B207-4266-86CB-22B222642663} = {F92671CD-B207-4266-86CB-22B222642663}
	EndProjectSection
EndProject
Global
	GlobalSection(SubversionScc) = preSolution
		Svn-Managed = True
		Manager = AnkhSVN - Subversion Support for Visual Studio
	EndGlobalSection
	GlobalSection(SolutionConfigurationPlatforms) = preSolution
		Debug|Any CPU = Debug|Any CPU
		Release|Any CPU = Release|Any CPU
	EndGlobalSection
	GlobalSection(ProjectConfigurationPlatforms) = postSolution
		{F92671CD-B207-4266-86CB-22B222642663}.Debug|Any CPU.ActiveCfg = Debug|Any CPU
		{F92671CD-B207-4266-86CB-22B222642663}.Debug|Any CPU.Build.0 = Debug|Any CPU
		{F92671CD-B207-4266-86CB-22B222642663}.Release|Any CPU.ActiveCfg = Release|Any CPU
		{F92671CD-B207-4266-86CB-22B222642663}.Release|Any CPU.Build.0 = Release|Any CPU
		{8B32F5AE-E0EF-4115-802F-4D6C5A4E901F}.Debug|Any CPU.ActiveCfg = Debug|Any CPU
		{8B32F5AE-E0EF-4115-802F-4D6C5A4E901F}.Debug|Any CPU.Build.0 = Debug|Any CPU
		{8B32F5AE-E0EF-4115-802F-4D6C5A4E901F}.Release|Any CPU.ActiveCfg = Release|Any CPU
		{8B32F5AE-E0EF-4115-802F-4D6C5A4E901F}.Release|Any CPU.Build.0 = Release|Any CPU
		{131681F0-F52E-4836-9054-0BBAD090417F}.Debug|Any CPU.ActiveCfg = Debug|Any CPU
		{131681F0-F52E-4836-9054-0BBAD090417F}.Debug|Any CPU.Build.0 = Debug|Any CPU
		{131681F0-F52E-4836-9054-0BBAD090417F}.Release|Any CPU.ActiveCfg = Release|Any CPU
		{131681F0-F52E-4836-9054-0BBAD090417F}.Release|Any CPU.Build.0 = Release|Any CPU
	EndGlobalSection
	GlobalSection(SolutionProperties) = preSolution
		HideSolutionNode = FALSE
	EndGlobalSection
EndGlobal
